
Microsoft Visual Studio Solution File, Format Version 12.00
# Visual Studio Version 17
VisualStudioVersion = 17.4.33213.308
MinimumVisualStudioVersion = 10.0.40219.1
Project("{FAE04EC0-301F-11D3-BF4B-00C04F79EFBC}") = "login_prova", "login_prova.csproj", "{240831CE-7457-4533-8522-7EC96E9F4F43}"
EndProject
Global
	GlobalSection(SolutionConfigurationPlatforms) = preSolution
		Debug|Any CPU = Debug|Any CPU
		Release|Any CPU = Release|Any CPU
	EndGlobalSection
	GlobalSection(ProjectConfigurationPlatforms) = postSolution
		{240831CE-7457-4533-8522-7EC96E9F4F43}.Debug|Any CPU.ActiveCfg = Debug|Any CPU
		{240831CE-7457-4533-8522-7EC96E9F4F43}.Debug|Any CPU.Build.0 = Debug|Any CPU
		{240831CE-7457-4533-8522-7EC96E9F4F43}.Release|Any CPU.ActiveCfg = Release|Any CPU
		{240831CE-7457-4533-8522-7EC96E9F4F43}.Release|Any CPU.Build.0 = Release|Any CPU
	EndGlobalSection
	GlobalSection(SolutionProperties) = preSolution
		HideSolutionNode = FALSE
	EndGlobalSection
	GlobalSection(ExtensibilityGlobals) = postSolution
		SolutionGuid = {F187841E-C608-45C0-8316-1C8855E7C0C7}
	EndGlobalSection
EndGlobal
